
Microsoft Visual Studio Solution File, Format Version 12.00
# Visual Studio Version 16
VisualStudioVersion = 16.0.30517.126
MinimumVisualStudioVersion = 10.0.40219.1
Project("{9A19103F-16F7-4668-BE54-9A1E7A4F7556}") = "MeetingWebsite", "MeetingWebsite\MeetingWebsite.csproj", "{4E624ABF-DDFA-438A-BABD-1AE5B6C458EE}"
EndProject
Project("{9A19103F-16F7-4668-BE54-9A1E7A4F7556}") = "MeetingWebsite.Tests", "MeetingWebsite.Tests\MeetingWebsite.Tests.csproj", "{ACF2D0D4-5263-425E-A5BA-7105C9CA25F1}"
EndProject
Global
	GlobalSection(SolutionConfigurationPlatforms) = preSolution
		Debug|Any CPU = Debug|Any CPU
		Release|Any CPU = Release|Any CPU
	EndGlobalSection
	GlobalSection(ProjectConfigurationPlatforms) = postSolution
		{4E624ABF-DDFA-438A-BABD-1AE5B6C458EE}.Debug|Any CPU.ActiveCfg = Debug|Any CPU
		{4E624ABF-DDFA-438A-BABD-1AE5B6C458EE}.Debug|Any CPU.Build.0 = Debug|Any CPU
		{4E624ABF-DDFA-438A-BABD-1AE5B6C458EE}.Release|Any CPU.ActiveCfg = Release|Any CPU
		{4E624ABF-DDFA-438A-BABD-1AE5B6C458EE}.Release|Any CPU.Build.0 = Release|Any CPU
		{ACF2D0D4-5263-425E-A5BA-7105C9CA25F1}.Debug|Any CPU.ActiveCfg = Debug|Any CPU
		{ACF2D0D4-5263-425E-A5BA-7105C9CA25F1}.Debug|Any CPU.Build.0 = Debug|Any CPU
		{ACF2D0D4-5263-425E-A5BA-7105C9CA25F1}.Release|Any CPU.ActiveCfg = Release|Any CPU
		{ACF2D0D4-5263-425E-A5BA-7105C9CA25F1}.Release|Any CPU.Build.0 = Release|Any CPU
	EndGlobalSection
	GlobalSection(SolutionProperties) = preSolution
		HideSolutionNode = FALSE
	EndGlobalSection
	GlobalSection(ExtensibilityGlobals) = postSolution
		SolutionGuid = {7D63090C-403A-428C-B491-D70F9B7EA845}
	EndGlobalSection
EndGlobal
